
Microsoft Visual Studio Solution File, Format Version 12.00
# Visual Studio Version 17
VisualStudioVersion = 17.4.33213.308
MinimumVisualStudioVersion = 10.0.40219.1
Project("{9A19103F-16F7-4668-BE54-9A1E7A4F7556}") = "TravelShortPathFinder.Algorithm", "TravelShortPathFinder.Algorithm\TravelShortPathFinder.Algorithm.csproj", "{C5985733-C4F7-4C3B-8DF4-52E2ED78E40E}"
EndProject
Project("{9A19103F-16F7-4668-BE54-9A1E7A4F7556}") = "TravelShortPathFinder.Tests", "TravelShortPathFinder.Tests\TravelShortPathFinder.Tests.csproj", "{C9C827F8-B36A-46CC-AC5E-EFDD7EF9E68D}"
EndProject
Project("{FAE04EC0-301F-11D3-BF4B-00C04F79EFBC}") = "TravelShortPathFinder.Gui", "TravelShortPathFinder.Gui\TravelShortPathFinder.Gui.csproj", "{C95B7C5A-DF92-406F-A8B2-E4674BDAC029}"
EndProject
Project("{FAE04EC0-301F-11D3-BF4B-00C04F79EFBC}") = "TravelShortPathFinder.TestResources", "TravelShortPathFinder.Resources\TravelShortPathFinder.TestResources.csproj", "{DD422D05-6919-43AD-A3C5-19AF8E85801D}"
EndProject
Global
	GlobalSection(SolutionConfigurationPlatforms) = preSolution
		Debug|Any CPU = Debug|Any CPU
		Release|Any CPU = Release|Any CPU
	EndGlobalSection
	GlobalSection(ProjectConfigurationPlatforms) = postSolution
		{C5985733-C4F7-4C3B-8DF4-52E2ED78E40E}.Debug|Any CPU.ActiveCfg = Debug|Any CPU
		{C5985733-C4F7-4C3B-8DF4-52E2ED78E40E}.Debug|Any CPU.Build.0 = Debug|Any CPU
		{C5985733-C4F7-4C3B-8DF4-52E2ED78E40E}.Release|Any CPU.ActiveCfg = Release|Any CPU
		{C5985733-C4F7-4C3B-8DF4-52E2ED78E40E}.Release|Any CPU.Build.0 = Release|Any CPU
		{C9C827F8-B36A-46CC-AC5E-EFDD7EF9E68D}.Debug|Any CPU.ActiveCfg = Debug|Any CPU
		{C9C827F8-B36A-46CC-AC5E-EFDD7EF9E68D}.Debug|Any CPU.Build.0 = Debug|Any CPU
		{C9C827F8-B36A-46CC-AC5E-EFDD7EF9E68D}.Release|Any CPU.ActiveCfg = Release|Any CPU
		{C9C827F8-B36A-46CC-AC5E-EFDD7EF9E68D}.Release|Any CPU.Build.0 = Release|Any CPU
		{C95B7C5A-DF92-406F-A8B2-E4674BDAC029}.Debug|Any CPU.ActiveCfg = Debug|Any CPU
		{C95B7C5A-DF92-406F-A8B2-E4674BDAC029}.Debug|Any CPU.Build.0 = Debug|Any CPU
		{C95B7C5A-DF92-406F-A8B2-E4674BDAC029}.Release|Any CPU.ActiveCfg = Release|Any CPU
		{C95B7C5A-DF92-406F-A8B2-E4674BDAC029}.Release|Any CPU.Build.0 = Release|Any CPU
		{DD422D05-6919-43AD-A3C5-19AF8E85801D}.Debug|Any CPU.ActiveCfg = Debug|Any CPU
		{DD422D05-6919-43AD-A3C5-19AF8E85801D}.Debug|Any CPU.Build.0 = Debug|Any CPU
		{DD422D05-6919-43AD-A3C5-19AF8E85801D}.Release|Any CPU.ActiveCfg = Release|Any CPU
		{DD422D05-6919-43AD-A3C5-19AF8E85801D}.Release|Any CPU.Build.0 = Release|Any CPU
	EndGlobalSection
	GlobalSection(SolutionProperties) = preSolution
		HideSolutionNode = FALSE
	EndGlobalSection
	GlobalSection(ExtensibilityGlobals) = postSolution
		SolutionGuid = {C4B231BC-26EA-48F0-945E-6511C9BFD0DC}
	EndGlobalSection
EndGlobal
